
Microsoft Visual Studio Solution File, Format Version 12.00
# Visual Studio 15
VisualStudioVersion = 15.0.28010.2048
MinimumVisualStudioVersion = 10.0.40219.1
Project("{FAE04EC0-301F-11D3-BF4B-00C04F79EFBC}") = "ExceptionsApp", "ExceptionsApp\ExceptionsApp.csproj", "{75BAA52F-8945-4C52-8D01-2F12BAB10D7A}"
EndProject
Global
	GlobalSection(SolutionConfigurationPlatforms) = preSolution
		Debug|Any CPU = Debug|Any CPU
		Release|Any CPU = Release|Any CPU
	EndGlobalSection
	GlobalSection(ProjectConfigurationPlatforms) = postSolution
		{75BAA52F-8945-4C52-8D01-2F12BAB10D7A}.Debug|Any CPU.ActiveCfg = Debug|Any CPU
		{75BAA52F-8945-4C52-8D01-2F12BAB10D7A}.Debug|Any CPU.Build.0 = Debug|Any CPU
		{75BAA52F-8945-4C52-8D01-2F12BAB10D7A}.Release|Any CPU.ActiveCfg = Release|Any CPU
		{75BAA52F-8945-4C52-8D01-2F12BAB10D7A}.Release|Any CPU.Build.0 = Release|Any CPU
	EndGlobalSection
	GlobalSection(SolutionProperties) = preSolution
		HideSolutionNode = FALSE
	EndGlobalSection
	GlobalSection(ExtensibilityGlobals) = postSolution
		SolutionGuid = {BDF386FB-B0E2-454F-B7C0-89F1A470A639}
	EndGlobalSection
EndGlobal
